<?xml version="1.0" encoding="utf-8"?>
<Project ToolsVersion="4.0" xmlns="http://schemas.microsoft.com/developer/msbuild/2003">
  <ItemGroup>
    <Filter Include="Source Files">
      <UniqueIdentifier>{4FC737F1-C7A5-4376-A066-2A32D752A2FF}</UniqueIdentifier>
      <Extensions>cpp;c;cc;cxx;c++;cppm;ixx;def;odl;idl;hpj;bat;asm;asmx</Extensions>
    </Filter>
    <Filter Include="Header Files">
      <UniqueIdentifier>{93995380-89BD-4b04-88EB-625FBE52EBFB}</UniqueIdentifier>
      <Extensions>h;hh;hpp;hxx;h++;hm;inl;inc;ipp;xsd</Extensions>
    </Filter>
    <Filter Include="Resource Files">
      <UniqueIdentifier>{67DA6AB6-F800-4c08-8B7A-83BB121AAD01}</UniqueIdentifier>
      <Extensions>rc;ico;cur;bmp;dlg;rc2;rct;bin;rgs;gif;jpg;jpeg;jpe;resx;tiff;tif;png;wav;mfcribbon-ms</Extensions>
    </Filter>
    <Filter Include="Header Files\Components">
      <UniqueIdentifier>{d448e60d-4e9b-48c3-81b0-f8bf1e3b9563}</UniqueIdentifier>
    </Filter>
    <Filter Include="Header Files\Commands">
      <UniqueIdentifier>{1d1a0d7d-b0ad-4042-b347-7339da2a2805}</UniqueIdentifier>
    </Filter>
    <Filter Include="Source Files\Commands">
      <UniqueIdentifier>{e9f09fd7-d2b7-471c-a98b-de0cb2d07cac}</UniqueIdentifier>
    </Filter>
    <Filter Include="Source Files\Components">
      <UniqueIdentifier>{0303fd71-7664-4284-96b9-5b6aff5382d6}</UniqueIdentifier>
    </Filter>
    <Filter Include="Header Files\States">
      <UniqueIdentifier>{332d22ff-f133-4159-8794-bed15ba17712}</UniqueIdentifier>
    </Filter>
    <Filter Include="Header Files\Conditions">
      <UniqueIdentifier>{4bb2ffb1-3fc0-41ba-8f90-27a1edd673e6}</UniqueIdentifier>
    </Filter>
    <Filter Include="Source Files\States">
      <UniqueIdentifier>{1d5b98d1-90ac-46b1-9124-9578cb12a9f8}</UniqueIdentifier>
    </Filter>
    <Filter Include="Source Files\Conditions">
      <UniqueIdentifier>{55ed1bcc-cb43-475e-afe2-71efa4f6cdb7}</UniqueIdentifier>
    </Filter>
    <Filter Include="Header Files\Observers">
      <UniqueIdentifier>{82346767-33bc-4c9e-877b-e692a1a77445}</UniqueIdentifier>
    </Filter>
  </ItemGroup>
  <ItemGroup>
    <ClCompile Include="Main.cpp">
      <Filter>Source Files</Filter>
    </ClCompile>
    <ClCompile Include="Move.cpp">
      <Filter>Source Files\Commands</Filter>
    </ClCompile>
    <ClCompile Include="Suicide.cpp">
      <Filter>Source Files\Commands</Filter>
    </ClCompile>
    <ClCompile Include="Pickup.cpp">
      <Filter>Source Files\Commands</Filter>
    </ClCompile>
    <ClCompile Include="HealthComponent.cpp">
      <Filter>Source Files\Components</Filter>
    </ClCompile>
    <ClCompile Include="PlayerComponent.cpp">
      <Filter>Source Files\Components</Filter>
    </ClCompile>
    <ClCompile Include="PlayerInfoComponent.cpp">
      <Filter>Source Files\Components</Filter>
    </ClCompile>
    <ClCompile Include="RotatorComponent.cpp">
      <Filter>Source Files\Components</Filter>
    </ClCompile>
    <ClCompile Include="RockComponent.cpp">
      <Filter>Source Files\Components</Filter>
    </ClCompile>
    <ClCompile Include="DiggingComponent.cpp">
      <Filter>Source Files\Components</Filter>
    </ClCompile>
    <ClCompile Include="HallwaysComponent.cpp">
      <Filter>Source Files\Components</Filter>
    </ClCompile>
    <ClCompile Include="PlaySound.cpp">
      <Filter>Source Files\Commands</Filter>
    </ClCompile>
    <ClCompile Include="MovementComponent.cpp">
      <Filter>Source Files\Components</Filter>
    </ClCompile>
    <ClCompile Include="FloatingComponent.cpp">
      <Filter>Source Files\Components</Filter>
    </ClCompile>
    <ClCompile Include="EnemyComponent.cpp">
      <Filter>Source Files\Components</Filter>
    </ClCompile>
    <ClCompile Include="Conditions.cpp">
      <Filter>Source Files\Conditions</Filter>
    </ClCompile>
    <ClCompile Include="States.cpp">
      <Filter>Source Files\States</Filter>
    </ClCompile>
    <ClCompile Include="DigDugAttackComponent.cpp">
      <Filter>Source Files\Components</Filter>
    </ClCompile>
    <ClCompile Include="DigDugAttackCommand.cpp">
      <Filter>Source Files\Commands</Filter>
    </ClCompile>
    <ClCompile Include="Pump.cpp">
      <Filter>Source Files\Commands</Filter>
    </ClCompile>
    <ClCompile Include="ScoreObserver.cpp">
      <Filter>Source Files</Filter>
    </ClCompile>
    <ClCompile Include="HealthObserver.cpp">
      <Filter>Source Files</Filter>
    </ClCompile>
    <ClCompile Include="SelectModeCommand.cpp">
      <Filter>Source Files</Filter>
    </ClCompile>
    <ClCompile Include="FygarAttackComponent.cpp">
      <Filter>Source Files</Filter>
    </ClCompile>
    <ClCompile Include="FygarAttackCommand.cpp">
      <Filter>Source Files</Filter>
    </ClCompile>
  </ItemGroup>
  <ItemGroup>
    <ClInclude Include="Move.h">
      <Filter>Header Files\Commands</Filter>
    </ClInclude>
    <ClInclude Include="Suicide.h">
      <Filter>Header Files\Commands</Filter>
    </ClInclude>
    <ClInclude Include="Pickup.h">
      <Filter>Header Files\Commands</Filter>
    </ClInclude>
    <ClInclude Include="HealthComponent.h">
      <Filter>Header Files\Components</Filter>
    </ClInclude>
    <ClInclude Include="PlayerComponent.h">
      <Filter>Header Files\Components</Filter>
    </ClInclude>
    <ClInclude Include="PlayerInfoComponent.h">
      <Filter>Header Files\Components</Filter>
    </ClInclude>
    <ClInclude Include="RotatorComponent.h">
      <Filter>Header Files\Components</Filter>
    </ClInclude>
    <ClInclude Include="RockComponent.h">
      <Filter>Header Files\Components</Filter>
    </ClInclude>
    <ClInclude Include="DiggingComponent.h">
      <Filter>Header Files\Components</Filter>
    </ClInclude>
    <ClInclude Include="HallwaysComponent.h">
      <Filter>Header Files\Components</Filter>
    </ClInclude>
    <ClInclude Include="PlaySound.h">
      <Filter>Header Files\Commands</Filter>
    </ClInclude>
    <ClInclude Include="MovementComponent.h">
      <Filter>Header Files\Components</Filter>
    </ClInclude>
    <ClInclude Include="FloatingComponent.h">
      <Filter>Header Files\Components</Filter>
    </ClInclude>
    <ClInclude Include="EnemyComponent.h">
      <Filter>Header Files\Components</Filter>
    </ClInclude>
    <ClInclude Include="Conditions.h">
      <Filter>Header Files\Conditions</Filter>
    </ClInclude>
    <ClInclude Include="States.h">
      <Filter>Header Files\States</Filter>
    </ClInclude>
    <ClInclude Include="DigDugAttackComponent.h">
      <Filter>Header Files\Components</Filter>
    </ClInclude>
    <ClInclude Include="PlayerState.h">
      <Filter>Header Files\States</Filter>
    </ClInclude>
    <ClInclude Include="DigDugAttackCommand.h">
      <Filter>Header Files\Commands</Filter>
    </ClInclude>
    <ClInclude Include="Pump.h">
      <Filter>Header Files\Commands</Filter>
    </ClInclude>
    <ClInclude Include="ScoreObserver.h">
      <Filter>Header Files\Observers</Filter>
    </ClInclude>
    <ClInclude Include="HealthObserver.h">
      <Filter>Header Files</Filter>
    </ClInclude>
    <ClInclude Include="SelectModeCommand.h">
      <Filter>Header Files\Commands</Filter>
    </ClInclude>
    <ClInclude Include="FygarAttackComponent.h">
      <Filter>Header Files\Components</Filter>
    </ClInclude>
    <ClInclude Include="FygarAttackCommand.h">
      <Filter>Header Files</Filter>
    </ClInclude>
  </ItemGroup>
  <ItemGroup>
    <Media Include="..\Data\DigDug_SoundEffects\boss_fygar_firebreath.wav">
      <Filter>Resource Files</Filter>
    </Media>
    <Media Include="..\Data\DigDug_SoundEffects\coin_credit.wav">
      <Filter>Resource Files</Filter>
    </Media>
    <Media Include="..\Data\DigDug_SoundEffects\enemy_killed1.wav">
      <Filter>Resource Files</Filter>
    </Media>
    <Media Include="..\Data\DigDug_SoundEffects\enemy_killed2.wav">
      <Filter>Resource Files</Filter>
    </Media>
    <Media Include="..\Data\DigDug_SoundEffects\enemy_killed3.wav">
      <Filter>Resource Files</Filter>
    </Media>
    <Media Include="..\Data\DigDug_SoundEffects\enemy_killed4.wav">
      <Filter>Resource Files</Filter>
    </Media>
    <Media Include="..\Data\DigDug_SoundEffects\enemy_killed5.wav">
      <Filter>Resource Files</Filter>
    </Media>
    <Media Include="..\Data\DigDug_SoundEffects\enemy_moving.wav">
      <Filter>Resource Files</Filter>
    </Media>
    <Media Include="..\Data\DigDug_SoundEffects\enemy_pop.wav">
      <Filter>Resource Files</Filter>
    </Media>
    <Media Include="..\Data\DigDug_SoundEffects\enemy_touched.wav">
      <Filter>Resource Files</Filter>
    </Media>
    <Media Include="..\Data\DigDug_SoundEffects\extra_life.wav">
      <Filter>Resource Files</Filter>
    </Media>
    <Media Include="..\Data\DigDug_SoundEffects\fygar_fire.wav">
      <Filter>Resource Files</Filter>
    </Media>
    <Media Include="..\Data\DigDug_SoundEffects\island_emerging.wav">
      <Filter>Resource Files</Filter>
    </Media>
    <Media Include="..\Data\DigDug_SoundEffects\life_lost.wav">
      <Filter>Resource Files</Filter>
    </Media>
    <Media Include="..\Data\DigDug_SoundEffects\marble_travel.wav">
      <Filter>Resource Files</Filter>
    </Media>
    <Media Include="..\Data\DigDug_SoundEffects\powerup_item.wav">
      <Filter>Resource Files</Filter>
    </Media>
    <Media Include="..\Data\DigDug_SoundEffects\pump.wav">
      <Filter>Resource Files</Filter>
    </Media>
    <Media Include="..\Data\DigDug_SoundEffects\pump_fire.wav">
      <Filter>Resource Files</Filter>
    </Media>
    <Media Include="..\Data\DigDug_SoundEffects\raygun_rain.wav">
      <Filter>Resource Files</Filter>
    </Media>
    <Media Include="..\Data\DigDug_SoundEffects\result_screen_beep.wav">
      <Filter>Resource Files</Filter>
    </Media>
    <Media Include="..\Data\DigDug_SoundEffects\rock_drop.wav">
      <Filter>Resource Files</Filter>
    </Media>
    <Media Include="..\Data\DigDug_SoundEffects\rock_thud.wav">
      <Filter>Resource Files</Filter>
    </Media>
    <Media Include="..\Data\DigDug_SoundEffects\title_screen_thud.wav">
      <Filter>Resource Files</Filter>
    </Media>
    <Media Include="..\Data\DigDug_SoundEffects\to_the_mooooon.wav">
      <Filter>Resource Files</Filter>
    </Media>
    <Media Include="..\Data\DigDug_SoundEffects\whoosh1.wav">
      <Filter>Resource Files</Filter>
    </Media>
    <Media Include="..\Data\DigDug_SoundEffects\whoosh2.wav">
      <Filter>Resource Files</Filter>
    </Media>
    <Media Include="..\Data\DigDug_SoundEffects\whoosh3.wav">
      <Filter>Resource Files</Filter>
    </Media>
    <Media Include="..\Data\fireball.wav">
      <Filter>Resource Files</Filter>
    </Media>
    <Media Include="..\Data\fireball.mp3">
      <Filter>Resource Files</Filter>
    </Media>
    <Media Include="..\Data\DigDug_SoundEffects\03 Stage Finale.mp3">
      <Filter>Resource Files</Filter>
    </Media>
    <Media Include="..\Data\DigDug_SoundEffects\04 Factory [Area 2].mp3">
      <Filter>Resource Files</Filter>
    </Media>
    <Media Include="..\Data\DigDug_SoundEffects\05 Desert [Area 3].mp3">
      <Filter>Resource Files</Filter>
    </Media>
    <Media Include="..\Data\DigDug_SoundEffects\09 Boss Land.mp3">
      <Filter>Resource Files</Filter>
    </Media>
    <Media Include="..\Data\DigDug_SoundEffects\10 Spurt.mp3">
      <Filter>Resource Files</Filter>
    </Media>
    <Media Include="..\Data\DigDug_SoundEffects\12 Credits Roll.mp3">
      <Filter>Resource Files</Filter>
    </Media>
    <Media Include="..\Data\DigDug_SoundEffects\All_Clear.mp3">
      <Filter>Resource Files</Filter>
    </Media>
    <Media Include="..\Data\DigDug_SoundEffects\Mother_Nature.mp3">
      <Filter>Resource Files</Filter>
    </Media>
  </ItemGroup>
  <ItemGroup>
    <Text Include="..\Data\DigDug_SoundEffects\Loop Points.txt">
      <Filter>Resource Files</Filter>
    </Text>
  </ItemGroup>
</Project>